// !$*UTF8*$!
{
	archiveVersion = 1;
	classes = {
	};
	objectVersion = 46;
	objects = {

/* Begin PBXBuildFile section */
		B4184C431AA8BCD200BAA097 /* Foundation.framework in Frameworks */ = {isa = PBXBuildFile; fileRef = B4184C421AA8BCD200BAA097 /* Foundation.framework */; };
		B4184C451AA8BCD200BAA097 /* CoreGraphics.framework in Frameworks */ = {isa = PBXBuildFile; fileRef = B4184C441AA8BCD200BAA097 /* CoreGraphics.framework */; };
		B4184C471AA8BCD200BAA097 /* UIKit.framework in Frameworks */ = {isa = PBXBuildFile; fileRef = B4184C461AA8BCD200BAA097 /* UIKit.framework */; };
		B4184C4D1AA8BCD200BAA097 /* InfoPlist.strings in Resources */ = {isa = PBXBuildFile; fileRef = B4184C4B1AA8BCD200BAA097 /* InfoPlist.strings */; };
		B4184C4F1AA8BCD200BAA097 /* main.m in Sources */ = {isa = PBXBuildFile; fileRef = B4184C4E1AA8BCD200BAA097 /* main.m */; };
		B4184C531AA8BCD200BAA097 /* AppDelegate.m in Sources */ = {isa = PBXBuildFile; fileRef = B4184C521AA8BCD200BAA097 /* AppDelegate.m */; };
		B4184C561AA8BCD200BAA097 /* Main_iPhone.storyboard in Resources */ = {isa = PBXBuildFile; fileRef = B4184C541AA8BCD200BAA097 /* Main_iPhone.storyboard */; };
		B4184C591AA8BCD200BAA097 /* Main_iPad.storyboard in Resources */ = {isa = PBXBuildFile; fileRef = B4184C571AA8BCD200BAA097 /* Main_iPad.storyboard */; };
		B4184C5C1AA8BCD200BAA097 /* ViewController.m in Sources */ = {isa = PBXBuildFile; fileRef = B4184C5B1AA8BCD200BAA097 /* ViewController.m */; };
		B4184C5E1AA8BCD200BAA097 /* Images.xcassets in Resources */ = {isa = PBXBuildFile; fileRef = B4184C5D1AA8BCD200BAA097 /* Images.xcassets */; };
		B4184C651AA8BCD200BAA097 /* XCTest.framework in Frameworks */ = {isa = PBXBuildFile; fileRef = B4184C641AA8BCD200BAA097 /* XCTest.framework */; };
		B4184C661AA8BCD200BAA097 /* Foundation.framework in Frameworks */ = {isa = PBXBuildFile; fileRef = B4184C421AA8BCD200BAA097 /* Foundation.framework */; };
		B4184C671AA8BCD200BAA097 /* UIKit.framework in Frameworks */ = {isa = PBXBuildFile; fileRef = B4184C461AA8BCD200BAA097 /* UIKit.framework */; };
		B4184C6F1AA8BCD200BAA097 /* InfoPlist.strings in Resources */ = {isa = PBXBuildFile; fileRef = B4184C6D1AA8BCD200BAA097 /* InfoPlist.strings */; };
		B4184C711AA8BCD200BAA097 /* TestTests.m in Sources */ = {isa = PBXBuildFile; fileRef = B4184C701AA8BCD200BAA097 /* TestTests.m */; };
		B439AAFE1AB47FD300E72B79 /* VC.m in Sources */ = {isa = PBXBuildFile; fileRef = B439AAFD1AB47FD300E72B79 /* VC.m */; };
/* End PBXBuildFile section */

/* Begin PBXContainerItemProxy section */
		B4184C681AA8BCD200BAA097 /* PBXContainerItemProxy */ = {
			isa = PBXContainerItemProxy;
			containerPortal = B4184C371AA8BCD200BAA097 /* Project object */;
			proxyType = 1;
			remoteGlobalIDString = B4184C3E1AA8BCD200BAA097;
			remoteInfo = Test;
		};
/* End PBXContainerItemProxy section */

/* Begin PBXFileReference section */
		B4184C3F1AA8BCD200BAA097 /* Test.app */ = {isa = PBXFileReference; explicitFileType = wrapper.application; includeInIndex = 0; path = Test.app; sourceTree = BUILT_PRODUCTS_DIR; };
		B4184C421AA8BCD200BAA097 /* Foundation.framework */ = {isa = PBXFileReference; lastKnownFileType = wrapper.framework; name = Foundation.framework; path = System/Library/Frameworks/Foundation.framework; sourceTree = SDKROOT; };
		B4184C441AA8BCD200BAA097 /* CoreGraphics.framework */ = {isa = PBXFileReference; lastKnownFileType = wrapper.framework; name = CoreGraphics.framework; path = System/Library/Frameworks/CoreGraphics.framework; sourceTree = SDKROOT; };
		B4184C461AA8BCD200BAA097 /* UIKit.framework */ = {isa = PBXFileReference; lastKnownFileType = wrapper.framework; name = UIKit.framework; path = System/Library/Frameworks/UIKit.framework; sourceTree = SDKROOT; };
		B4184C4A1AA8BCD200BAA097 /* Test-Info.plist */ = {isa = PBXFileReference; lastKnownFileType = text.plist.xml; path = "Test-Info.plist"; sourceTree = "<group>"; };
		B4184C4C1AA8BCD200BAA097 /* en */ = {isa = PBXFileReference; lastKnownFileType = text.plist.strings; name = en; path = en.lproj/InfoPlist.strings; sourceTree = "<group>"; };
		B4184C4E1AA8BCD200BAA097 /* main.m */ = {isa = PBXFileReference; lastKnownFileType = sourcecode.c.objc; path = main.m; sourceTree = "<group>"; };
		B4184C501AA8BCD200BAA097 /* Test-Prefix.pch */ = {isa = PBXFileReference; lastKnownFileType = sourcecode.c.h; path = "Test-Prefix.pch"; sourceTree = "<group>"; };
		B4184C511AA8BCD200BAA097 /* AppDelegate.h */ = {isa = PBXFileReference; lastKnownFileType = sourcecode.c.h; path = AppDelegate.h; sourceTree = "<group>"; };
		B4184C521AA8BCD200BAA097 /* AppDelegate.m */ = {isa = PBXFileReference; lastKnownFileType = sourcecode.c.objc; path = AppDelegate.m; sourceTree = "<group>"; };
		B4184C551AA8BCD200BAA097 /* Base */ = {isa = PBXFileReference; lastKnownFileType = file.storyboard; name = Base; path = Base.lproj/Main_iPhone.storyboard; sourceTree = "<group>"; };
		B4184C581AA8BCD200BAA097 /* Base */ = {isa = PBXFileReference; lastKnownFileType = file.storyboard; name = Base; path = Base.lproj/Main_iPad.storyboard; sourceTree = "<group>"; };
		B4184C5A1AA8BCD200BAA097 /* ViewController.h */ = {isa = PBXFileReference; lastKnownFileType = sourcecode.c.h; path = ViewController.h; sourceTree = "<group>"; };
		B4184C5B1AA8BCD200BAA097 /* ViewController.m */ = {isa = PBXFileReference; lastKnownFileType = sourcecode.c.objc; path = ViewController.m; sourceTree = "<group>"; };
		B4184C5D1AA8BCD200BAA097 /* Images.xcassets */ = {isa = PBXFileReference; lastKnownFileType = folder.assetcatalog; path = Images.xcassets; sourceTree = "<group>"; };
		B4184C631AA8BCD200BAA097 /* TestTests.xctest */ = {isa = PBXFileReference; explicitFileType = wrapper.cfbundle; includeInIndex = 0; path = TestTests.xctest; sourceTree = BUILT_PRODUCTS_DIR; };
		B4184C641AA8BCD200BAA097 /* XCTest.framework */ = {isa = PBXFileReference; lastKnownFileType = wrapper.framework; name = XCTest.framework; path = Library/Frameworks/XCTest.framework; sourceTree = DEVELOPER_DIR; };
		B4184C6C1AA8BCD200BAA097 /* TestTests-Info.plist */ = {isa = PBXFileReference; lastKnownFileType = text.plist.xml; path = "TestTests-Info.plist"; sourceTree = "<group>"; };
		B4184C6E1AA8BCD200BAA097 /* en */ = {isa = PBXFileReference; lastKnownFileType = text.plist.strings; name = en; path = en.lproj/InfoPlist.strings; sourceTree = "<group>"; };
		B4184C701AA8BCD200BAA097 /* TestTests.m */ = {isa = PBXFileReference; lastKnownFileType = sourcecode.c.objc; path = TestTests.m; sourceTree = "<group>"; };
		B439AAFC1AB47FD300E72B79 /* VC.h */ = {isa = PBXFileReference; fileEncoding = 4; lastKnownFileType = sourcecode.c.h; path = VC.h; sourceTree = "<group>"; };
		B439AAFD1AB47FD300E72B79 /* VC.m */ = {isa = PBXFileReference; fileEncoding = 4; lastKnownFileType = sourcecode.c.objc; path = VC.m; sourceTree = "<group>"; };
/* End PBXFileReference section */

/* Begin PBXFrameworksBuildPhase section */
		B4184C3C1AA8BCD200BAA097 /* Frameworks */ = {
			isa = PBXFrameworksBuildPhase;
			buildActionMask = 2147483647;
			files = (
				B4184C451AA8BCD200BAA097 /* CoreGraphics.framework in Frameworks */,
				B4184C471AA8BCD200BAA097 /* UIKit.framework in Frameworks */,
				B4184C431AA8BCD200BAA097 /* Foundation.framework in Frameworks */,
			);
			runOnlyForDeploymentPostprocessing = 0;
		};
		B4184C601AA8BCD200BAA097 /* Frameworks */ = {
			isa = PBXFrameworksBuildPhase;
			buildActionMask = 2147483647;
			files = (
				B4184C651AA8BCD200BAA097 /* XCTest.framework in Frameworks */,
				B4184C671AA8BCD200BAA097 /* UIKit.framework in Frameworks */,
				B4184C661AA8BCD200BAA097 /* Foundation.framework in Frameworks */,
			);
			runOnlyForDeploymentPostprocessing = 0;
		};
/* End PBXFrameworksBuildPhase section */

/* Begin PBXGroup section */
		B4184C361AA8BCD200BAA097 = {
			isa = PBXGroup;
			children = (
				B4184C481AA8BCD200BAA097 /* Test */,
				B4184C6A1AA8BCD200BAA097 /* TestTests */,
				B4184C411AA8BCD200BAA097 /* Frameworks */,
				B4184C401AA8BCD200BAA097 /* Products */,
			);
			sourceTree = "<group>";
		};
		B4184C401AA8BCD200BAA097 /* Products */ = {
			isa = PBXGroup;
			children = (
				B4184C3F1AA8BCD200BAA097 /* Test.app */,
				B4184C631AA8BCD200BAA097 /* TestTests.xctest */,
			);
			name = Products;
			sourceTree = "<group>";
		};
		B4184C411AA8BCD200BAA097 /* Frameworks */ = {
			isa = PBXGroup;
			children = (
				B4184C421AA8BCD200BAA097 /* Foundation.framework */,
				B4184C441AA8BCD200BAA097 /* CoreGraphics.framework */,
				B4184C461AA8BCD200BAA097 /* UIKit.framework */,
				B4184C641AA8BCD200BAA097 /* XCTest.framework */,
			);
			name = Frameworks;
			sourceTree = "<group>";
		};
		B4184C481AA8BCD200BAA097 /* Test */ = {
			isa = PBXGroup;
			children = (
				B4184C511AA8BCD200BAA097 /* AppDelegate.h */,
				B4184C521AA8BCD200BAA097 /* AppDelegate.m */,
				B4184C541AA8BCD200BAA097 /* Main_iPhone.storyboard */,
				B4184C571AA8BCD200BAA097 /* Main_iPad.storyboard */,
				B4184C5A1AA8BCD200BAA097 /* ViewController.h */,
				B4184C5B1AA8BCD200BAA097 /* ViewController.m */,
				B439AAFC1AB47FD300E72B79 /* VC.h */,
				B439AAFD1AB47FD300E72B79 /* VC.m */,
				B4184C5D1AA8BCD200BAA097 /* Images.xcassets */,
				B4184C491AA8BCD200BAA097 /* Supporting Files */,
			);
			path = Test;
			sourceTree = "<group>";
		};
		B4184C491AA8BCD200BAA097 /* Supporting Files */ = {
			isa = PBXGroup;
			children = (
				B4184C4A1AA8BCD200BAA097 /* Test-Info.plist */,
				B4184C4B1AA8BCD200BAA097 /* InfoPlist.strings */,
				B4184C4E1AA8BCD200BAA097 /* main.m */,
				B4184C501AA8BCD200BAA097 /* Test-Prefix.pch */,
			);
			name = "Supporting Files";
			sourceTree = "<group>";
		};
		B4184C6A1AA8BCD200BAA097 /* TestTests */ = {
			isa = PBXGroup;
			children = (
				B4184C701AA8BCD200BAA097 /* TestTests.m */,
				B4184C6B1AA8BCD200BAA097 /* Supporting Files */,
			);
			path = TestTests;
			sourceTree = "<group>";
		};
		B4184C6B1AA8BCD200BAA097 /* Supporting Files */ = {
			isa = PBXGroup;
			children = (
				B4184C6C1AA8BCD200BAA097 /* TestTests-Info.plist */,
				B4184C6D1AA8BCD200BAA097 /* InfoPlist.strings */,
			);
			name = "Supporting Files";
			sourceTree = "<group>";
		};
/* End PBXGroup section */

/* Begin PBXNativeTarget section */
		B4184C3E1AA8BCD200BAA097 /* Test */ = {
			isa = PBXNativeTarget;
			buildConfigurationList = B4184C741AA8BCD200BAA097 /* Build configuration list for PBXNativeTarget "Test" */;
			buildPhases = (
				B4184C3B1AA8BCD200BAA097 /* Sources */,
				B4184C3C1AA8BCD200BAA097 /* Frameworks */,
				B4184C3D1AA8BCD200BAA097 /* Resources */,
			);
			buildRules = (
			);
			dependencies = (
			);
			name = Test;
			productName = Test;
			productReference = B4184C3F1AA8BCD200BAA097 /* Test.app */;
			productType = "com.apple.product-type.application";
		};
		B4184C621AA8BCD200BAA097 /* TestTests */ = {
			isa = PBXNativeTarget;
			buildConfigurationList = B4184C771AA8BCD200BAA097 /* Build configuration list for PBXNativeTarget "TestTests" */;
			buildPhases = (
				B4184C5F1AA8BCD200BAA097 /* Sources */,
				B4184C601AA8BCD200BAA097 /* Frameworks */,
				B4184C611AA8BCD200BAA097 /* Resources */,
			);
			buildRules = (
			);
			dependencies = (
				B4184C691AA8BCD200BAA097 /* PBXTargetDependency */,
			);
			name = TestTests;
			productName = TestTests;
			productReference = B4184C631AA8BCD200BAA097 /* TestTests.xctest */;
			productType = "com.apple.product-type.bundle.unit-test";
		};
/* End PBXNativeTarget section */

/* Begin PBXProject section */
		B4184C371AA8BCD200BAA097 /* Project object */ = {
			isa = PBXProject;
			attributes = {
				LastUpgradeCheck = 0500;
				ORGANIZATIONNAME = Harish;
				TargetAttributes = {
					B4184C621AA8BCD200BAA097 = {
						TestTargetID = B4184C3E1AA8BCD200BAA097;
					};
				};
			};
			buildConfigurationList = B4184C3A1AA8BCD200BAA097 /* Build configuration list for PBXProject "Test" */;
			compatibilityVersion = "Xcode 3.2";
			developmentRegion = English;
			hasScannedForEncodings = 0;
			knownRegions = (
				en,
				Base,
			);
			mainGroup = B4184C361AA8BCD200BAA097;
			productRefGroup = B4184C401AA8BCD200BAA097 /* Products */;
			projectDirPath = "";
			projectRoot = "";
			targets = (
				B4184C3E1AA8BCD200BAA097 /* Test */,
				B4184C621AA8BCD200BAA097 /* TestTests */,
			);
		};
/* End PBXProject section */

/* Begin PBXResourcesBuildPhase section */
		B4184C3D1AA8BCD200BAA097 /* Resources */ = {
			isa = PBXResourcesBuildPhase;
			buildActionMask = 2147483647;
			files = (
				B4184C591AA8BCD200BAA097 /* Main_iPad.storyboard in Resources */,
				B4184C5E1AA8BCD200BAA097 /* Images.xcassets in Resources */,
				B4184C561AA8BCD200BAA097 /* Main_iPhone.storyboard in Resources */,
				B4184C4D1AA8BCD200BAA097 /* InfoPlist.strings in Resources */,
			);
			runOnlyForDeploymentPostprocessing = 0;
		};
		B4184C611AA8BCD200BAA097 /* Resources */ = {
			isa = PBXResourcesBuildPhase;
			buildActionMask = 2147483647;
			files = (
				B4184C6F1AA8BCD200BAA097 /* InfoPlist.strings in Resources */,
			);
			runOnlyForDeploymentPostprocessing = 0;
		};
/* End PBXResourcesBuildPhase section */

/* Begin PBXSourcesBuildPhase section */
		B4184C3B1AA8BCD200BAA097 /* Sources */ = {
			isa = PBXSourcesBuildPhase;
			buildActionMask = 2147483647;
			files = (
				B439AAFE1AB47FD300E72B79 /* VC.m in Sources */,
				B4184C5C1AA8BCD200BAA097 /* ViewController.m in Sources */,
				B4184C531AA8BCD200BAA097 /* AppDelegate.m in Sources */,
				B4184C4F1AA8BCD200BAA097 /* main.m in Sources */,
			);
			runOnlyForDeploymentPostprocessing = 0;
		};
		B4184C5F1AA8BCD200BAA097 /* Sources */ = {
			isa = PBXSourcesBuildPhase;
			buildActionMask = 2147483647;
			files = (
				B4184C711AA8BCD200BAA097 /* TestTests.m in Sources */,
			);
			runOnlyForDeploymentPostprocessing = 0;
		};
/* End PBXSourcesBuildPhase section */

/* Begin PBXTargetDependency section */
		B4184C691AA8BCD200BAA097 /* PBXTargetDependency */ = {
			isa = PBXTargetDependency;
			target = B4184C3E1AA8BCD200BAA097 /* Test */;
			targetProxy = B4184C681AA8BCD200BAA097 /* PBXContainerItemProxy */;
		};
/* End PBXTargetDependency section */

/* Begin PBXVariantGroup section */
		B4184C4B1AA8BCD200BAA097 /* InfoPlist.strings */ = {
			isa = PBXVariantGroup;
			children = (
				B4184C4C1AA8BCD200BAA097 /* en */,
			);
			name = InfoPlist.strings;
			sourceTree = "<group>";
		};
		B4184C541AA8BCD200BAA097 /* Main_iPhone.storyboard */ = {
			isa = PBXVariantGroup;
			children = (
				B4184C551AA8BCD200BAA097 /* Base */,
			);
			name = Main_iPhone.storyboard;
			sourceTree = "<group>";
		};
		B4184C571AA8BCD200BAA097 /* Main_iPad.storyboard */ = {
			isa = PBXVariantGroup;
			children = (
				B4184C581AA8BCD200BAA097 /* Base */,
			);
			name = Main_iPad.storyboard;
			sourceTree = "<group>";
		};
		B4184C6D1AA8BCD200BAA097 /* InfoPlist.strings */ = {
			isa = PBXVariantGroup;
			children = (
				B4184C6E1AA8BCD200BAA097 /* en */,
			);
			name = InfoPlist.strings;
			sourceTree = "<group>";
		};
/* End PBXVariantGroup section */

/* Begin XCBuildConfiguration section */
		B4184C721AA8BCD200BAA097 /* Debug */ = {
			isa = XCBuildConfiguration;
			buildSettings = {
				ALWAYS_SEARCH_USER_PATHS = NO;
				CLANG_CXX_LANGUAGE_STANDARD = "gnu++0x";
				CLANG_CXX_LIBRARY = "libc++";
				CLANG_ENABLE_MODULES = YES;
				CLANG_ENABLE_OBJC_ARC = YES;
				CLANG_WARN_BOOL_CONVERSION = YES;
				CLANG_WARN_CONSTANT_CONVERSION = YES;
				CLANG_WARN_DIRECT_OBJC_ISA_USAGE = YES_ERROR;
				CLANG_WARN_EMPTY_BODY = YES;
				CLANG_WARN_ENUM_CONVERSION = YES;
				CLANG_WARN_INT_CONVERSION = YES;
				CLANG_WARN_OBJC_ROOT_CLASS = YES_ERROR;
				CLANG_WARN__DUPLICATE_METHOD_MATCH = YES;
				"CODE_SIGN_IDENTITY[sdk=iphoneos*]" = "iPhone Developer";
				COPY_PHASE_STRIP = NO;
				GCC_C_LANGUAGE_STANDARD = gnu99;
				GCC_DYNAMIC_NO_PIC = NO;
				GCC_OPTIMIZATION_LEVEL = 0;
				GCC_PREPROCESSOR_DEFINITIONS = (
					"DEBUG=1",
					"$(inherited)",
				);
				GCC_SYMBOLS_PRIVATE_EXTERN = NO;
				GCC_WARN_ABOUT_RETURN_TYPE = YES_ERROR;
				GCC_WARN_UNDECLARED_SELECTOR = YES;
				GCC_WARN_UNINITIALIZED_AUTOS = YES;
				GCC_WARN_UNUSED_FUNCTION = YES;
				GCC_WARN_UNUSED_VARIABLE = YES;
				IPHONEOS_DEPLOYMENT_TARGET = 7.0;
				ONLY_ACTIVE_ARCH = YES;
				SDKROOT = iphoneos;
				TARGETED_DEVICE_FAMILY = "1,2";
			};
			name = Debug;
		};
		B4184C731AA8BCD200BAA097 /* Release */ = {
			isa = XCBuildConfiguration;
			buildSettings = {
				ALWAYS_SEARCH_USER_PATHS = NO;
				CLANG_CXX_LANGUAGE_STANDARD = "gnu++0x";
				CLANG_CXX_LIBRARY = "libc++";
				CLANG_ENABLE_MODULES = YES;
				CLANG_ENABLE_OBJC_ARC = YES;
				CLANG_WARN_BOOL_CONVERSION = YES;
				CLANG_WARN_CONSTANT_CONVERSION = YES;
				CLANG_WARN_DIRECT_OBJC_ISA_USAGE = YES_ERROR;
				CLANG_WARN_EMPTY_BODY = YES;
				CLANG_WARN_ENUM_CONVERSION = YES;
				CLANG_WARN_INT_CONVERSION = YES;
				CLANG_WARN_OBJC_ROOT_CLASS = YES_ERROR;
				CLANG_WARN__DUPLICATE_METHOD_MATCH = YES;
				"CODE_SIGN_IDENTITY[sdk=iphoneos*]" = "iPhone Developer";
				COPY_PHASE_STRIP = YES;
				ENABLE_NS_ASSERTIONS = NO;
				GCC_C_LANGUAGE_STANDARD = gnu99;
				GCC_WARN_ABOUT_RETURN_TYPE = YES_ERROR;
				GCC_WARN_UNDECLARED_SELECTOR = YES;
				GCC_WARN_UNINITIALIZED_AUTOS = YES;
				GCC_WARN_UNUSED_FUNCTION = YES;
				GCC_WARN_UNUSED_VARIABLE = YES;
				IPHONEOS_DEPLOYMENT_TARGET = 7.0;
				SDKROOT = iphoneos;
				TARGETED_DEVICE_FAMILY = "1,2";
				VALIDATE_PRODUCT = YES;
			};
			name = Release;
		};
		B4184C751AA8BCD200BAA097 /* Debug */ = {
			isa = XCBuildConfiguration;
			buildSettings = {
				ASSETCATALOG_COMPILER_APPICON_NAME = AppIcon;
				ASSETCATALOG_COMPILER_LAUNCHIMAGE_NAME = LaunchImage;
				GCC_PRECOMPILE_PREFIX_HEADER = YES;
				GCC_PREFIX_HEADER = "Test/Test-Prefix.pch";
				INFOPLIST_FILE = "Test/Test-Info.plist";
				PRODUCT_NAME = "$(TARGET_NAME)";
				WRAPPER_EXTENSION = app;
			};
			name = Debug;
		};
		B4184C761AA8BCD200BAA097 /* Release */ = {
			isa = XCBuildConfiguration;
			buildSettings = {
				ASSETCATALOG_COMPILER_APPICON_NAME = AppIcon;
				ASSETCATALOG_COMPILER_LAUNCHIMAGE_NAME = LaunchImage;
				GCC_PRECOMPILE_PREFIX_HEADER = YES;
				GCC_PREFIX_HEADER = "Test/Test-Prefix.pch";
				INFOPLIST_FILE = "Test/Test-Info.plist";
				PRODUCT_NAME = "$(TARGET_NAME)";
				WRAPPER_EXTENSION = app;
			};
			name = Release;
		};
		B4184C781AA8BCD200BAA097 /* Debug */ = {
			isa = XCBuildConfiguration;
			buildSettings = {
				BUNDLE_LOADER = "$(BUILT_PRODUCTS_DIR)/Test.app/Test";
				FRAMEWORK_SEARCH_PATHS = (
					"$(SDKROOT)/Developer/Library/Frameworks",
					"$(inherited)",
					"$(DEVELOPER_FRAMEWORKS_DIR)",
				);
				GCC_PRECOMPILE_PREFIX_HEADER = YES;
				GCC_PREFIX_HEADER = "Test/Test-Prefix.pch";
				GCC_PREPROCESSOR_DEFINITIONS = (
					"DEBUG=1",
					"$(inherited)",
				);
				INFOPLIST_FILE = "TestTests/TestTests-Info.plist";
				PRODUCT_NAME = "$(TARGET_NAME)";
				TEST_HOST = "$(BUNDLE_LOADER)";
				WRAPPER_EXTENSION = xctest;
			};
			name = Debug;
		};
		B4184C791AA8BCD200BAA097 /* Release */ = {
			isa = XCBuildConfiguration;
			buildSettings = {
				BUNDLE_LOADER = "$(BUILT_PRODUCTS_DIR)/Test.app/Test";
				FRAMEWORK_SEARCH_PATHS = (
					"$(SDKROOT)/Developer/Library/Frameworks",
					"$(inherited)",
					"$(DEVELOPER_FRAMEWORKS_DIR)",
				);
				GCC_PRECOMPILE_PREFIX_HEADER = YES;
				GCC_PREFIX_HEADER = "Test/Test-Prefix.pch";
				INFOPLIST_FILE = "TestTests/TestTests-Info.plist";
				PRODUCT_NAME = "$(TARGET_NAME)";
				TEST_HOST = "$(BUNDLE_LOADER)";
				WRAPPER_EXTENSION = xctest;
			};
			name = Release;
		};
/* End XCBuildConfiguration section */

/* Begin XCConfigurationList section */
		B4184C3A1AA8BCD200BAA097 /* Build configuration list for PBXProject "Test" */ = {
			isa = XCConfigurationList;
			buildConfigurations = (
				B4184C721AA8BCD200BAA097 /* Debug */,
				B4184C731AA8BCD200BAA097 /* Release */,
			);
			defaultConfigurationIsVisible = 0;
			defaultConfigurationName = Release;
		};
		B4184C741AA8BCD200BAA097 /* Build configuration list for PBXNativeTarget "Test" */ = {
			isa = XCConfigurationList;
			buildConfigurations = (
				B4184C751AA8BCD200BAA097 /* Debug */,
				B4184C761AA8BCD200BAA097 /* Release */,
			);
			defaultConfigurationIsVisible = 0;
			defaultConfigurationName = Release;
		};
		B4184C771AA8BCD200BAA097 /* Build configuration list for PBXNativeTarget "TestTests" */ = {
			isa = XCConfigurationList;
			buildConfigurations = (
				B4184C781AA8BCD200BAA097 /* Debug */,
				B4184C791AA8BCD200BAA097 /* Release */,
			);
			defaultConfigurationIsVisible = 0;
			defaultConfigurationName = Release;
		};
/* End XCConfigurationList section */
	};
	rootObject = B4184C371AA8BCD200BAA097 /* Project object */;
}
